
Microsoft Visual Studio Solution File, Format Version 12.00
# Visual Studio Version 16
VisualStudioVersion = 16.0.31005.135
MinimumVisualStudioVersion = 10.0.40219.1
Project("{9A19103F-16F7-4668-BE54-9A1E7A4F7556}") = "blazor-battles.Server", "blazor-battles\Server\blazor-battles.Server.csproj", "{F6B062F2-39F0-4DEB-82FE-2D1A0C93E7F2}"
EndProject
Project("{9A19103F-16F7-4668-BE54-9A1E7A4F7556}") = "blazor-battles.Client", "blazor-battles\Client\blazor-battles.Client.csproj", "{9E6260BF-6B5E-4F05-8D7D-DC48BC96E380}"
EndProject
Project("{9A19103F-16F7-4668-BE54-9A1E7A4F7556}") = "blazor-battles.Shared", "blazor-battles\Shared\blazor-battles.Shared.csproj", "{07975230-8D7E-426A-883C-36119FB24A36}"
EndProject
Global
	GlobalSection(SolutionConfigurationPlatforms) = preSolution
		Debug|Any CPU = Debug|Any CPU
		Release|Any CPU = Release|Any CPU
	EndGlobalSection
	GlobalSection(ProjectConfigurationPlatforms) = postSolution
		{F6B062F2-39F0-4DEB-82FE-2D1A0C93E7F2}.Debug|Any CPU.ActiveCfg = Debug|Any CPU
		{F6B062F2-39F0-4DEB-82FE-2D1A0C93E7F2}.Debug|Any CPU.Build.0 = Debug|Any CPU
		{F6B062F2-39F0-4DEB-82FE-2D1A0C93E7F2}.Release|Any CPU.ActiveCfg = Release|Any CPU
		{F6B062F2-39F0-4DEB-82FE-2D1A0C93E7F2}.Release|Any CPU.Build.0 = Release|Any CPU
		{9E6260BF-6B5E-4F05-8D7D-DC48BC96E380}.Debug|Any CPU.ActiveCfg = Debug|Any CPU
		{9E6260BF-6B5E-4F05-8D7D-DC48BC96E380}.Debug|Any CPU.Build.0 = Debug|Any CPU
		{9E6260BF-6B5E-4F05-8D7D-DC48BC96E380}.Release|Any CPU.ActiveCfg = Release|Any CPU
		{9E6260BF-6B5E-4F05-8D7D-DC48BC96E380}.Release|Any CPU.Build.0 = Release|Any CPU
		{07975230-8D7E-426A-883C-36119FB24A36}.Debug|Any CPU.ActiveCfg = Debug|Any CPU
		{07975230-8D7E-426A-883C-36119FB24A36}.Debug|Any CPU.Build.0 = Debug|Any CPU
		{07975230-8D7E-426A-883C-36119FB24A36}.Release|Any CPU.ActiveCfg = Release|Any CPU
		{07975230-8D7E-426A-883C-36119FB24A36}.Release|Any CPU.Build.0 = Release|Any CPU
	EndGlobalSection
	GlobalSection(SolutionProperties) = preSolution
		HideSolutionNode = FALSE
	EndGlobalSection
	GlobalSection(ExtensibilityGlobals) = postSolution
		SolutionGuid = {3D6DC8E3-0157-49DD-9601-D95B9440ED06}
	EndGlobalSection
EndGlobal
